// !$*UTF8*$!
{
	archiveVersion = 1;
	classes = {
	};
	objectVersion = 50;
	objects = {

/* Begin PBXBuildFile section */
		AA674566220B3B19006A7572 /* SignUpVC.swift in Sources */ = {isa = PBXBuildFile; fileRef = AA674565220B3B19006A7572 /* SignUpVC.swift */; };
		AA674568220B43E7006A7572 /* LetterBtn.swift in Sources */ = {isa = PBXBuildFile; fileRef = AA674567220B43E7006A7572 /* LetterBtn.swift */; };
		AA99FAED220C69F600A03A44 /* AvatarVC.swift in Sources */ = {isa = PBXBuildFile; fileRef = AA99FAEC220C69F600A03A44 /* AvatarVC.swift */; };
		AA99FAEF220C75DB00A03A44 /* AvatarImgCell.swift in Sources */ = {isa = PBXBuildFile; fileRef = AA99FAEE220C75DB00A03A44 /* AvatarImgCell.swift */; };
		AAD3BBB522082E1500CBF0D6 /* NormalBtn.swift in Sources */ = {isa = PBXBuildFile; fileRef = AAD3BBB422082E1500CBF0D6 /* NormalBtn.swift */; };
		AAEA6F1E2210065900E58955 /* AddChannelVC.swift in Sources */ = {isa = PBXBuildFile; fileRef = AAEA6F1D2210065900E58955 /* AddChannelVC.swift */; };
		AAEA6F2122101DBE00E58955 /* Channnel.swift in Sources */ = {isa = PBXBuildFile; fileRef = AAEA6F2022101DBE00E58955 /* Channnel.swift */; };
		AAEA6F2322101F9900E58955 /* MessageService.swift in Sources */ = {isa = PBXBuildFile; fileRef = AAEA6F2222101F9900E58955 /* MessageService.swift */; };
		AAEA6F252210224F00E58955 /* ChannelCell.swift in Sources */ = {isa = PBXBuildFile; fileRef = AAEA6F242210224F00E58955 /* ChannelCell.swift */; };
		AAEA6F292210329B00E58955 /* SocketService.swift in Sources */ = {isa = PBXBuildFile; fileRef = AAEA6F282210329B00E58955 /* SocketService.swift */; };
		AAEA6F2B2211CCB400E58955 /* Message.swift in Sources */ = {isa = PBXBuildFile; fileRef = AAEA6F2A2211CCB400E58955 /* Message.swift */; };
		AAEB168122029B9100FF7014 /* AppDelegate.swift in Sources */ = {isa = PBXBuildFile; fileRef = AAEB168022029B9100FF7014 /* AppDelegate.swift */; };
		AAEB168322029B9100FF7014 /* ChatVC.swift in Sources */ = {isa = PBXBuildFile; fileRef = AAEB168222029B9100FF7014 /* ChatVC.swift */; };
		AAEB168922029B9100FF7014 /* Chat_Version2.xcdatamodeld in Sources */ = {isa = PBXBuildFile; fileRef = AAEB168722029B9100FF7014 /* Chat_Version2.xcdatamodeld */; };
		AAEB168B22029B9200FF7014 /* Assets.xcassets in Resources */ = {isa = PBXBuildFile; fileRef = AAEB168A22029B9200FF7014 /* Assets.xcassets */; };
		AAEB169C2202C6F100FF7014 /* SWRevealViewController.m in Sources */ = {isa = PBXBuildFile; fileRef = AAEB169A2202C6F100FF7014 /* SWRevealViewController.m */; };
		AAEB169E2202C7D100FF7014 /* ChannelVC.swift in Sources */ = {isa = PBXBuildFile; fileRef = AAEB169D2202C7D100FF7014 /* ChannelVC.swift */; };
		AAEB16A12202D1FE00FF7014 /* RevealVC.swift in Sources */ = {isa = PBXBuildFile; fileRef = AAEB16A02202D1FE00FF7014 /* RevealVC.swift */; };
		AAEB16A42202E08A00FF7014 /* Constants.swift in Sources */ = {isa = PBXBuildFile; fileRef = AAEB16A32202E08A00FF7014 /* Constants.swift */; };
		AAEB16A62202F71300FF7014 /* LoginVC.swift in Sources */ = {isa = PBXBuildFile; fileRef = AAEB16A52202F71300FF7014 /* LoginVC.swift */; };
		AAEB16A92202F87900FF7014 /* AuthService.swift in Sources */ = {isa = PBXBuildFile; fileRef = AAEB16A82202F87900FF7014 /* AuthService.swift */; };
		AAEB16AB2202F88400FF7014 /* UserDataService.swift in Sources */ = {isa = PBXBuildFile; fileRef = AAEB16AA2202F88400FF7014 /* UserDataService.swift */; };
		AAF7A758220F1D8100F407E7 /* ProfileVC.swift in Sources */ = {isa = PBXBuildFile; fileRef = AAF7A757220F1D8100F407E7 /* ProfileVC.swift */; };
		B3093E3D3928B4554378BFFE /* libPods-Chat-Version2.a in Frameworks */ = {isa = PBXBuildFile; fileRef = E3417D1BD7A5894CFAF5880B /* libPods-Chat-Version2.a */; };
/* End PBXBuildFile section */

/* Begin PBXFileReference section */
		AA674565220B3B19006A7572 /* SignUpVC.swift */ = {isa = PBXFileReference; lastKnownFileType = sourcecode.swift; path = SignUpVC.swift; sourceTree = "<group>"; };
		AA674567220B43E7006A7572 /* LetterBtn.swift */ = {isa = PBXFileReference; lastKnownFileType = sourcecode.swift; path = LetterBtn.swift; sourceTree = "<group>"; };
		AA99FAEC220C69F600A03A44 /* AvatarVC.swift */ = {isa = PBXFileReference; lastKnownFileType = sourcecode.swift; path = AvatarVC.swift; sourceTree = "<group>"; };
		AA99FAEE220C75DB00A03A44 /* AvatarImgCell.swift */ = {isa = PBXFileReference; lastKnownFileType = sourcecode.swift; path = AvatarImgCell.swift; sourceTree = "<group>"; };
		AAD3BBB422082E1500CBF0D6 /* NormalBtn.swift */ = {isa = PBXFileReference; lastKnownFileType = sourcecode.swift; path = NormalBtn.swift; sourceTree = "<group>"; };
		AAEA6F1D2210065900E58955 /* AddChannelVC.swift */ = {isa = PBXFileReference; lastKnownFileType = sourcecode.swift; path = AddChannelVC.swift; sourceTree = "<group>"; };
		AAEA6F2022101DBE00E58955 /* Channnel.swift */ = {isa = PBXFileReference; lastKnownFileType = sourcecode.swift; path = Channnel.swift; sourceTree = "<group>"; };
		AAEA6F2222101F9900E58955 /* MessageService.swift */ = {isa = PBXFileReference; lastKnownFileType = sourcecode.swift; path = MessageService.swift; sourceTree = "<group>"; };
		AAEA6F242210224F00E58955 /* ChannelCell.swift */ = {isa = PBXFileReference; lastKnownFileType = sourcecode.swift; path = ChannelCell.swift; sourceTree = "<group>"; };
		AAEA6F282210329B00E58955 /* SocketService.swift */ = {isa = PBXFileReference; lastKnownFileType = sourcecode.swift; path = SocketService.swift; sourceTree = "<group>"; };
		AAEA6F2A2211CCB400E58955 /* Message.swift */ = {isa = PBXFileReference; lastKnownFileType = sourcecode.swift; path = Message.swift; sourceTree = "<group>"; };
		AAEB167D22029B9100FF7014 /* Chat-Version2.app */ = {isa = PBXFileReference; explicitFileType = wrapper.application; includeInIndex = 0; path = "Chat-Version2.app"; sourceTree = BUILT_PRODUCTS_DIR; };
		AAEB168022029B9100FF7014 /* AppDelegate.swift */ = {isa = PBXFileReference; lastKnownFileType = sourcecode.swift; path = AppDelegate.swift; sourceTree = "<group>"; };
		AAEB168222029B9100FF7014 /* ChatVC.swift */ = {isa = PBXFileReference; lastKnownFileType = sourcecode.swift; path = ChatVC.swift; sourceTree = "<group>"; };
		AAEB168822029B9100FF7014 /* Chat_Version2.xcdatamodel */ = {isa = PBXFileReference; lastKnownFileType = wrapper.xcdatamodel; path = Chat_Version2.xcdatamodel; sourceTree = "<group>"; };
		AAEB168A22029B9200FF7014 /* Assets.xcassets */ = {isa = PBXFileReference; lastKnownFileType = folder.assetcatalog; path = Assets.xcassets; sourceTree = "<group>"; };
		AAEB168F22029B9200FF7014 /* Info.plist */ = {isa = PBXFileReference; lastKnownFileType = text.plist.xml; path = Info.plist; sourceTree = "<group>"; };
		AAEB16992202C6F000FF7014 /* Chat-Version2-Bridging-Header.h */ = {isa = PBXFileReference; lastKnownFileType = sourcecode.c.h; path = "Chat-Version2-Bridging-Header.h"; sourceTree = "<group>"; };
		AAEB169A2202C6F100FF7014 /* SWRevealViewController.m */ = {isa = PBXFileReference; fileEncoding = 4; lastKnownFileType = sourcecode.c.objc; path = SWRevealViewController.m; sourceTree = "<group>"; };
		AAEB169B2202C6F100FF7014 /* SWRevealViewController.h */ = {isa = PBXFileReference; fileEncoding = 4; lastKnownFileType = sourcecode.c.h; path = SWRevealViewController.h; sourceTree = "<group>"; };
		AAEB169D2202C7D100FF7014 /* ChannelVC.swift */ = {isa = PBXFileReference; lastKnownFileType = sourcecode.swift; path = ChannelVC.swift; sourceTree = "<group>"; };
		AAEB16A02202D1FE00FF7014 /* RevealVC.swift */ = {isa = PBXFileReference; lastKnownFileType = sourcecode.swift; path = RevealVC.swift; sourceTree = "<group>"; };
		AAEB16A32202E08A00FF7014 /* Constants.swift */ = {isa = PBXFileReference; lastKnownFileType = sourcecode.swift; path = Constants.swift; sourceTree = "<group>"; };
		AAEB16A52202F71300FF7014 /* LoginVC.swift */ = {isa = PBXFileReference; lastKnownFileType = sourcecode.swift; path = LoginVC.swift; sourceTree = "<group>"; };
		AAEB16A82202F87900FF7014 /* AuthService.swift */ = {isa = PBXFileReference; lastKnownFileType = sourcecode.swift; path = AuthService.swift; sourceTree = "<group>"; };
		AAEB16AA2202F88400FF7014 /* UserDataService.swift */ = {isa = PBXFileReference; lastKnownFileType = sourcecode.swift; path = UserDataService.swift; sourceTree = "<group>"; };
		AAF7A757220F1D8100F407E7 /* ProfileVC.swift */ = {isa = PBXFileReference; lastKnownFileType = sourcecode.swift; path = ProfileVC.swift; sourceTree = "<group>"; };
		CEE88007B3548458480368AB /* Pods-Chat-Version2.release.xcconfig */ = {isa = PBXFileReference; includeInIndex = 1; lastKnownFileType = text.xcconfig; name = "Pods-Chat-Version2.release.xcconfig"; path = "Pods/Target Support Files/Pods-Chat-Version2/Pods-Chat-Version2.release.xcconfig"; sourceTree = "<group>"; };
		D4FA6E8333E7B894780C1910 /* Pods-Chat-Version2.debug.xcconfig */ = {isa = PBXFileReference; includeInIndex = 1; lastKnownFileType = text.xcconfig; name = "Pods-Chat-Version2.debug.xcconfig"; path = "Pods/Target Support Files/Pods-Chat-Version2/Pods-Chat-Version2.debug.xcconfig"; sourceTree = "<group>"; };
		E3417D1BD7A5894CFAF5880B /* libPods-Chat-Version2.a */ = {isa = PBXFileReference; explicitFileType = archive.ar; includeInIndex = 0; path = "libPods-Chat-Version2.a"; sourceTree = BUILT_PRODUCTS_DIR; };
/* End PBXFileReference section */

/* Begin PBXFrameworksBuildPhase section */
		AAEB167A22029B9100FF7014 /* Frameworks */ = {
			isa = PBXFrameworksBuildPhase;
			buildActionMask = 2147483647;
			files = (
				B3093E3D3928B4554378BFFE /* libPods-Chat-Version2.a in Frameworks */,
			);
			runOnlyForDeploymentPostprocessing = 0;
		};
/* End PBXFrameworksBuildPhase section */

/* Begin PBXGroup section */
		13C02D6C68E2058151BA94A7 /* Pods */ = {
			isa = PBXGroup;
			children = (
				D4FA6E8333E7B894780C1910 /* Pods-Chat-Version2.debug.xcconfig */,
				CEE88007B3548458480368AB /* Pods-Chat-Version2.release.xcconfig */,
			);
			name = Pods;
			sourceTree = "<group>";
		};
		3B949BF7E54B1943FB3556CB /* Frameworks */ = {
			isa = PBXGroup;
			children = (
				E3417D1BD7A5894CFAF5880B /* libPods-Chat-Version2.a */,
			);
			name = Frameworks;
			sourceTree = "<group>";
		};
		AAEA6F1F22101BB800E58955 /* Model */ = {
			isa = PBXGroup;
			children = (
				AAEA6F2022101DBE00E58955 /* Channnel.swift */,
				AAEA6F2A2211CCB400E58955 /* Message.swift */,
			);
			path = Model;
			sourceTree = "<group>";
		};
		AAEB167422029B9100FF7014 = {
			isa = PBXGroup;
			children = (
				AAEB167F22029B9100FF7014 /* Chat-Version2 */,
				AAEB167E22029B9100FF7014 /* Products */,
				13C02D6C68E2058151BA94A7 /* Pods */,
				3B949BF7E54B1943FB3556CB /* Frameworks */,
			);
			sourceTree = "<group>";
		};
		AAEB167E22029B9100FF7014 /* Products */ = {
			isa = PBXGroup;
			children = (
				AAEB167D22029B9100FF7014 /* Chat-Version2.app */,
			);
			name = Products;
			sourceTree = "<group>";
		};
		AAEB167F22029B9100FF7014 /* Chat-Version2 */ = {
			isa = PBXGroup;
			children = (
				AAEB16A72202F85300FF7014 /* Services */,
				AAEB16A22202E07A00FF7014 /* Utilities */,
				AAEA6F1F22101BB800E58955 /* Model */,
				AAEB169622029E5000FF7014 /* VIew */,
				AAEB169522029E2200FF7014 /* Controller */,
				AAEB16982202C6BB00FF7014 /* Supporting Files */,
				AAEB168A22029B9200FF7014 /* Assets.xcassets */,
				AAEB168022029B9100FF7014 /* AppDelegate.swift */,
				AAEB168F22029B9200FF7014 /* Info.plist */,
				AAEB168722029B9100FF7014 /* Chat_Version2.xcdatamodeld */,
			);
			path = "Chat-Version2";
			sourceTree = "<group>";
		};
		AAEB169522029E2200FF7014 /* Controller */ = {
			isa = PBXGroup;
			children = (
				AAEB168222029B9100FF7014 /* ChatVC.swift */,
				AAEB169D2202C7D100FF7014 /* ChannelVC.swift */,
				AAEB16A02202D1FE00FF7014 /* RevealVC.swift */,
				AAEB16A52202F71300FF7014 /* LoginVC.swift */,
				AA674565220B3B19006A7572 /* SignUpVC.swift */,
				AA99FAEC220C69F600A03A44 /* AvatarVC.swift */,
				AAF7A757220F1D8100F407E7 /* ProfileVC.swift */,
				AAEA6F1D2210065900E58955 /* AddChannelVC.swift */,
			);
			path = Controller;
			sourceTree = "<group>";
		};
		AAEB169622029E5000FF7014 /* VIew */ = {
			isa = PBXGroup;
			children = (
				AAD3BBB422082E1500CBF0D6 /* NormalBtn.swift */,
				AA674567220B43E7006A7572 /* LetterBtn.swift */,
				AA99FAEE220C75DB00A03A44 /* AvatarImgCell.swift */,
				AAEA6F242210224F00E58955 /* ChannelCell.swift */,
			);
			path = VIew;
			sourceTree = "<group>";
		};
		AAEB16982202C6BB00FF7014 /* Supporting Files */ = {
			isa = PBXGroup;
			children = (
				AAEB169B2202C6F100FF7014 /* SWRevealViewController.h */,
				AAEB169A2202C6F100FF7014 /* SWRevealViewController.m */,
				AAEB16992202C6F000FF7014 /* Chat-Version2-Bridging-Header.h */,
			);
			path = "Supporting Files";
			sourceTree = "<group>";
		};
		AAEB16A22202E07A00FF7014 /* Utilities */ = {
			isa = PBXGroup;
			children = (
				AAEB16A32202E08A00FF7014 /* Constants.swift */,
			);
			path = Utilities;
			sourceTree = "<group>";
		};
		AAEB16A72202F85300FF7014 /* Services */ = {
			isa = PBXGroup;
			children = (
				AAEB16A82202F87900FF7014 /* AuthService.swift */,
				AAEB16AA2202F88400FF7014 /* UserDataService.swift */,
				AAEA6F2222101F9900E58955 /* MessageService.swift */,
				AAEA6F282210329B00E58955 /* SocketService.swift */,
			);
			path = Services;
			sourceTree = "<group>";
		};
/* End PBXGroup section */

/* Begin PBXNativeTarget section */
		AAEB167C22029B9100FF7014 /* Chat-Version2 */ = {
			isa = PBXNativeTarget;
			buildConfigurationList = AAEB169222029B9200FF7014 /* Build configuration list for PBXNativeTarget "Chat-Version2" */;
			buildPhases = (
				2FFDC540AA14A932B0DB3759 /* [CP] Check Pods Manifest.lock */,
				AAEB167922029B9100FF7014 /* Sources */,
				AAEB167A22029B9100FF7014 /* Frameworks */,
				AAEB167B22029B9100FF7014 /* Resources */,
			);
			buildRules = (
			);
			dependencies = (
			);
			name = "Chat-Version2";
			productName = "Chat-Version2";
			productReference = AAEB167D22029B9100FF7014 /* Chat-Version2.app */;
			productType = "com.apple.product-type.application";
		};
/* End PBXNativeTarget section */

/* Begin PBXProject section */
		AAEB167522029B9100FF7014 /* Project object */ = {
			isa = PBXProject;
			attributes = {
				LastSwiftUpdateCheck = 1010;
				LastUpgradeCheck = 1010;
				ORGANIZATIONNAME = "Ethan ";
				TargetAttributes = {
					AAEB167C22029B9100FF7014 = {
						CreatedOnToolsVersion = 10.1;
						LastSwiftMigration = 1010;
					};
				};
			};
			buildConfigurationList = AAEB167822029B9100FF7014 /* Build configuration list for PBXProject "Chat-Version2" */;
			compatibilityVersion = "Xcode 9.3";
			developmentRegion = en;
			hasScannedForEncodings = 0;
			knownRegions = (
				en,
				Base,
			);
			mainGroup = AAEB167422029B9100FF7014;
			productRefGroup = AAEB167E22029B9100FF7014 /* Products */;
			projectDirPath = "";
			projectRoot = "";
			targets = (
				AAEB167C22029B9100FF7014 /* Chat-Version2 */,
			);
		};
/* End PBXProject section */

/* Begin PBXResourcesBuildPhase section */
		AAEB167B22029B9100FF7014 /* Resources */ = {
			isa = PBXResourcesBuildPhase;
			buildActionMask = 2147483647;
			files = (
				AAEB168B22029B9200FF7014 /* Assets.xcassets in Resources */,
			);
			runOnlyForDeploymentPostprocessing = 0;
		};
/* End PBXResourcesBuildPhase section */

/* Begin PBXShellScriptBuildPhase section */
		2FFDC540AA14A932B0DB3759 /* [CP] Check Pods Manifest.lock */ = {
			isa = PBXShellScriptBuildPhase;
			buildActionMask = 2147483647;
			files = (
			);
			inputFileListPaths = (
			);
			inputPaths = (
				"${PODS_PODFILE_DIR_PATH}/Podfile.lock",
				"${PODS_ROOT}/Manifest.lock",
			);
			name = "[CP] Check Pods Manifest.lock";
			outputFileListPaths = (
			);
			outputPaths = (
				"$(DERIVED_FILE_DIR)/Pods-Chat-Version2-checkManifestLockResult.txt",
			);
			runOnlyForDeploymentPostprocessing = 0;
			shellPath = /bin/sh;
			shellScript = "diff \"${PODS_PODFILE_DIR_PATH}/Podfile.lock\" \"${PODS_ROOT}/Manifest.lock\" > /dev/null\nif [ $? != 0 ] ; then\n    # print error to STDERR\n    echo \"error: The sandbox is not in sync with the Podfile.lock. Run 'pod install' or update your CocoaPods installation.\" >&2\n    exit 1\nfi\n# This output is used by Xcode 'outputs' to avoid re-running this script phase.\necho \"SUCCESS\" > \"${SCRIPT_OUTPUT_FILE_0}\"\n";
			showEnvVarsInLog = 0;
		};
/* End PBXShellScriptBuildPhase section */

/* Begin PBXSourcesBuildPhase section */
		AAEB167922029B9100FF7014 /* Sources */ = {
			isa = PBXSourcesBuildPhase;
			buildActionMask = 2147483647;
			files = (
				AAEB168922029B9100FF7014 /* Chat_Version2.xcdatamodeld in Sources */,
				AAD3BBB522082E1500CBF0D6 /* NormalBtn.swift in Sources */,
				AAEA6F2322101F9900E58955 /* MessageService.swift in Sources */,
				AAEA6F2122101DBE00E58955 /* Channnel.swift in Sources */,
				AAEB168322029B9100FF7014 /* ChatVC.swift in Sources */,
				AAEB16A62202F71300FF7014 /* LoginVC.swift in Sources */,
				AAF7A758220F1D8100F407E7 /* ProfileVC.swift in Sources */,
				AA674566220B3B19006A7572 /* SignUpVC.swift in Sources */,
				AAEB16A92202F87900FF7014 /* AuthService.swift in Sources */,
				AAEA6F252210224F00E58955 /* ChannelCell.swift in Sources */,
				AAEA6F1E2210065900E58955 /* AddChannelVC.swift in Sources */,
				AAEB168122029B9100FF7014 /* AppDelegate.swift in Sources */,
				AAEB16A12202D1FE00FF7014 /* RevealVC.swift in Sources */,
				AAEB16AB2202F88400FF7014 /* UserDataService.swift in Sources */,
				AAEA6F292210329B00E58955 /* SocketService.swift in Sources */,
				AA99FAED220C69F600A03A44 /* AvatarVC.swift in Sources */,
				AA99FAEF220C75DB00A03A44 /* AvatarImgCell.swift in Sources */,
				AAEA6F2B2211CCB400E58955 /* Message.swift in Sources */,
				AAEB16A42202E08A00FF7014 /* Constants.swift in Sources */,
				AAEB169C2202C6F100FF7014 /* SWRevealViewController.m in Sources */,
				AAEB169E2202C7D100FF7014 /* ChannelVC.swift in Sources */,
				AA674568220B43E7006A7572 /* LetterBtn.swift in Sources */,
			);
			runOnlyForDeploymentPostprocessing = 0;
		};
/* End PBXSourcesBuildPhase section */

/* Begin XCBuildConfiguration section */
		AAEB169022029B9200FF7014 /* Debug */ = {
			isa = XCBuildConfiguration;
			buildSettings = {
				ALWAYS_SEARCH_USER_PATHS = NO;
				CLANG_ANALYZER_NONNULL = YES;
				CLANG_ANALYZER_NUMBER_OBJECT_CONVERSION = YES_AGGRESSIVE;
				CLANG_CXX_LANGUAGE_STANDARD = "gnu++14";
				CLANG_CXX_LIBRARY = "libc++";
				CLANG_ENABLE_MODULES = YES;
				CLANG_ENABLE_OBJC_ARC = YES;
				CLANG_ENABLE_OBJC_WEAK = YES;
				CLANG_WARN_BLOCK_CAPTURE_AUTORELEASING = YES;
				CLANG_WARN_BOOL_CONVERSION = YES;
				CLANG_WARN_COMMA = YES;
				CLANG_WARN_CONSTANT_CONVERSION = YES;
				CLANG_WARN_DEPRECATED_OBJC_IMPLEMENTATIONS = YES;
				CLANG_WARN_DIRECT_OBJC_ISA_USAGE = YES_ERROR;
				CLANG_WARN_DOCUMENTATION_COMMENTS = YES;
				CLANG_WARN_EMPTY_BODY = YES;
				CLANG_WARN_ENUM_CONVERSION = YES;
				CLANG_WARN_INFINITE_RECURSION = YES;
				CLANG_WARN_INT_CONVERSION = YES;
				CLANG_WARN_NON_LITERAL_NULL_CONVERSION = YES;
				CLANG_WARN_OBJC_IMPLICIT_RETAIN_SELF = YES;
				CLANG_WARN_OBJC_LITERAL_CONVERSION = YES;
				CLANG_WARN_OBJC_ROOT_CLASS = YES_ERROR;
				CLANG_WARN_RANGE_LOOP_ANALYSIS = YES;
				CLANG_WARN_STRICT_PROTOTYPES = YES;
				CLANG_WARN_SUSPICIOUS_MOVE = YES;
				CLANG_WARN_UNGUARDED_AVAILABILITY = YES_AGGRESSIVE;
				CLANG_WARN_UNREACHABLE_CODE = YES;
				CLANG_WARN__DUPLICATE_METHOD_MATCH = YES;
				CODE_SIGN_IDENTITY = "iPhone Developer";
				COPY_PHASE_STRIP = NO;
				DEBUG_INFORMATION_FORMAT = dwarf;
				ENABLE_STRICT_OBJC_MSGSEND = YES;
				ENABLE_TESTABILITY = YES;
				GCC_C_LANGUAGE_STANDARD = gnu11;
				GCC_DYNAMIC_NO_PIC = NO;
				GCC_NO_COMMON_BLOCKS = YES;
				GCC_OPTIMIZATION_LEVEL = 0;
				GCC_PREPROCESSOR_DEFINITIONS = (
					"DEBUG=1",
					"$(inherited)",
				);
				GCC_WARN_64_TO_32_BIT_CONVERSION = YES;
				GCC_WARN_ABOUT_RETURN_TYPE = YES_ERROR;
				GCC_WARN_UNDECLARED_SELECTOR = YES;
				GCC_WARN_UNINITIALIZED_AUTOS = YES_AGGRESSIVE;
				GCC_WARN_UNUSED_FUNCTION = YES;
				GCC_WARN_UNUSED_VARIABLE = YES;
				IPHONEOS_DEPLOYMENT_TARGET = 12.1;
				MTL_ENABLE_DEBUG_INFO = INCLUDE_SOURCE;
				MTL_FAST_MATH = YES;
				ONLY_ACTIVE_ARCH = YES;
				SDKROOT = iphoneos;
				SWIFT_ACTIVE_COMPILATION_CONDITIONS = DEBUG;
				SWIFT_OPTIMIZATION_LEVEL = "-Onone";
			};
			name = Debug;
		};
		AAEB169122029B9200FF7014 /* Release */ = {
			isa = XCBuildConfiguration;
			buildSettings = {
				ALWAYS_SEARCH_USER_PATHS = NO;
				CLANG_ANALYZER_NONNULL = YES;
				CLANG_ANALYZER_NUMBER_OBJECT_CONVERSION = YES_AGGRESSIVE;
				CLANG_CXX_LANGUAGE_STANDARD = "gnu++14";
				CLANG_CXX_LIBRARY = "libc++";
				CLANG_ENABLE_MODULES = YES;
				CLANG_ENABLE_OBJC_ARC = YES;
				CLANG_ENABLE_OBJC_WEAK = YES;
				CLANG_WARN_BLOCK_CAPTURE_AUTORELEASING = YES;
				CLANG_WARN_BOOL_CONVERSION = YES;
				CLANG_WARN_COMMA = YES;
				CLANG_WARN_CONSTANT_CONVERSION = YES;
				CLANG_WARN_DEPRECATED_OBJC_IMPLEMENTATIONS = YES;
				CLANG_WARN_DIRECT_OBJC_ISA_USAGE = YES_ERROR;
				CLANG_WARN_DOCUMENTATION_COMMENTS = YES;
				CLANG_WARN_EMPTY_BODY = YES;
				CLANG_WARN_ENUM_CONVERSION = YES;
				CLANG_WARN_INFINITE_RECURSION = YES;
				CLANG_WARN_INT_CONVERSION = YES;
				CLANG_WARN_NON_LITERAL_NULL_CONVERSION = YES;
				CLANG_WARN_OBJC_IMPLICIT_RETAIN_SELF = YES;
				CLANG_WARN_OBJC_LITERAL_CONVERSION = YES;
				CLANG_WARN_OBJC_ROOT_CLASS = YES_ERROR;
				CLANG_WARN_RANGE_LOOP_ANALYSIS = YES;
				CLANG_WARN_STRICT_PROTOTYPES = YES;
				CLANG_WARN_SUSPICIOUS_MOVE = YES;
				CLANG_WARN_UNGUARDED_AVAILABILITY = YES_AGGRESSIVE;
				CLANG_WARN_UNREACHABLE_CODE = YES;
				CLANG_WARN__DUPLICATE_METHOD_MATCH = YES;
				CODE_SIGN_IDENTITY = "iPhone Developer";
				COPY_PHASE_STRIP = NO;
				DEBUG_INFORMATION_FORMAT = "dwarf-with-dsym";
				ENABLE_NS_ASSERTIONS = NO;
				ENABLE_STRICT_OBJC_MSGSEND = YES;
				GCC_C_LANGUAGE_STANDARD = gnu11;
				GCC_NO_COMMON_BLOCKS = YES;
				GCC_WARN_64_TO_32_BIT_CONVERSION = YES;
				GCC_WARN_ABOUT_RETURN_TYPE = YES_ERROR;
				GCC_WARN_UNDECLARED_SELECTOR = YES;
				GCC_WARN_UNINITIALIZED_AUTOS = YES_AGGRESSIVE;
				GCC_WARN_UNUSED_FUNCTION = YES;
				GCC_WARN_UNUSED_VARIABLE = YES;
				IPHONEOS_DEPLOYMENT_TARGET = 12.1;
				MTL_ENABLE_DEBUG_INFO = NO;
				MTL_FAST_MATH = YES;
				SDKROOT = iphoneos;
				SWIFT_COMPILATION_MODE = wholemodule;
				SWIFT_OPTIMIZATION_LEVEL = "-O";
				VALIDATE_PRODUCT = YES;
			};
			name = Release;
		};
		AAEB169322029B9200FF7014 /* Debug */ = {
			isa = XCBuildConfiguration;
			baseConfigurationReference = D4FA6E8333E7B894780C1910 /* Pods-Chat-Version2.debug.xcconfig */;
			buildSettings = {
				ASSETCATALOG_COMPILER_APPICON_NAME = AppIcon;
				CLANG_ENABLE_MODULES = YES;
				CODE_SIGN_STYLE = Automatic;
				INFOPLIST_FILE = "Chat-Version2/Info.plist";
				LD_RUNPATH_SEARCH_PATHS = (
					"$(inherited)",
					"@executable_path/Frameworks",
				);
				PRODUCT_BUNDLE_IDENTIFIER = "com.example.Chat-Version2";
				PRODUCT_NAME = "$(TARGET_NAME)";
				SWIFT_OBJC_BRIDGING_HEADER = "Chat-Version2/Supporting Files/Chat-Version2-Bridging-Header.h";
				SWIFT_OPTIMIZATION_LEVEL = "-Onone";
				SWIFT_VERSION = 4.2;
				TARGETED_DEVICE_FAMILY = "1,2";
			};
			name = Debug;
		};
		AAEB169422029B9200FF7014 /* Release */ = {
			isa = XCBuildConfiguration;
			baseConfigurationReference = CEE88007B3548458480368AB /* Pods-Chat-Version2.release.xcconfig */;
			buildSettings = {
				ASSETCATALOG_COMPILER_APPICON_NAME = AppIcon;
				CLANG_ENABLE_MODULES = YES;
				CODE_SIGN_STYLE = Automatic;
				INFOPLIST_FILE = "Chat-Version2/Info.plist";
				LD_RUNPATH_SEARCH_PATHS = (
					"$(inherited)",
					"@executable_path/Frameworks",
				);
				PRODUCT_BUNDLE_IDENTIFIER = "com.example.Chat-Version2";
				PRODUCT_NAME = "$(TARGET_NAME)";
				SWIFT_OBJC_BRIDGING_HEADER = "Chat-Version2/Supporting Files/Chat-Version2-Bridging-Header.h";
				SWIFT_VERSION = 4.2;
				TARGETED_DEVICE_FAMILY = "1,2";
			};
			name = Release;
		};
/* End XCBuildConfiguration section */

/* Begin XCConfigurationList section */
		AAEB167822029B9100FF7014 /* Build configuration list for PBXProject "Chat-Version2" */ = {
			isa = XCConfigurationList;
			buildConfigurations = (
				AAEB169022029B9200FF7014 /* Debug */,
				AAEB169122029B9200FF7014 /* Release */,
			);
			defaultConfigurationIsVisible = 0;
			defaultConfigurationName = Release;
		};
		AAEB169222029B9200FF7014 /* Build configuration list for PBXNativeTarget "Chat-Version2" */ = {
			isa = XCConfigurationList;
			buildConfigurations = (
				AAEB169322029B9200FF7014 /* Debug */,
				AAEB169422029B9200FF7014 /* Release */,
			);
			defaultConfigurationIsVisible = 0;
			defaultConfigurationName = Release;
		};
/* End XCConfigurationList section */

/* Begin XCVersionGroup section */
		AAEB168722029B9100FF7014 /* Chat_Version2.xcdatamodeld */ = {
			isa = XCVersionGroup;
			children = (
				AAEB168822029B9100FF7014 /* Chat_Version2.xcdatamodel */,
			);
			currentVersion = AAEB168822029B9100FF7014 /* Chat_Version2.xcdatamodel */;
			path = Chat_Version2.xcdatamodeld;
			sourceTree = "<group>";
			versionGroupType = wrapper.xcdatamodel;
		};
/* End XCVersionGroup section */
	};
	rootObject = AAEB167522029B9100FF7014 /* Project object */;
}
